
Microsoft Visual Studio Solution File, Format Version 12.00
# Visual Studio 2012
Project("{F184B08F-C81C-45F6-A57F-5ABD9991F28F}") = "WildGunman", "WildGunman\WildGunman.vbproj", "{4D1AAB81-0269-4E3B-8FC1-615E8DE196FA}"
EndProject
Global
	GlobalSection(SolutionConfigurationPlatforms) = preSolution
		Debug|Any CPU = Debug|Any CPU
		Release|Any CPU = Release|Any CPU
	EndGlobalSection
	GlobalSection(ProjectConfigurationPlatforms) = postSolution
		{4D1AAB81-0269-4E3B-8FC1-615E8DE196FA}.Debug|Any CPU.ActiveCfg = Debug|Any CPU
		{4D1AAB81-0269-4E3B-8FC1-615E8DE196FA}.Debug|Any CPU.Build.0 = Debug|Any CPU
		{4D1AAB81-0269-4E3B-8FC1-615E8DE196FA}.Release|Any CPU.ActiveCfg = Release|Any CPU
		{4D1AAB81-0269-4E3B-8FC1-615E8DE196FA}.Release|Any CPU.Build.0 = Release|Any CPU
	EndGlobalSection
	GlobalSection(SolutionProperties) = preSolution
		HideSolutionNode = FALSE
	EndGlobalSection
EndGlobal
